
Microsoft Visual Studio Solution File, Format Version 12.00
# Visual Studio 14
VisualStudioVersion = 14.0.25420.1
MinimumVisualStudioVersion = 10.0.40219.1
Project("{FAE04EC0-301F-11D3-BF4B-00C04F79EFBC}") = "Plugin_Kernel", "Plugin_Kernel\Plugin_Kernel.csproj", "{570EAA30-EC96-45E8-B20F-2FA41DD4BD45}"
EndProject
Project("{FAE04EC0-301F-11D3-BF4B-00C04F79EFBC}") = "Plugin_KernelTests", "Plugin_KernelTests\Plugin_KernelTests.csproj", "{84F50F7F-C49E-4FF2-AF39-8E48DA0D4609}"
EndProject
Global
	GlobalSection(SolutionConfigurationPlatforms) = preSolution
		Debug|Any CPU = Debug|Any CPU
		Release|Any CPU = Release|Any CPU
	EndGlobalSection
	GlobalSection(ProjectConfigurationPlatforms) = postSolution
		{570EAA30-EC96-45E8-B20F-2FA41DD4BD45}.Debug|Any CPU.ActiveCfg = Debug|Any CPU
		{570EAA30-EC96-45E8-B20F-2FA41DD4BD45}.Debug|Any CPU.Build.0 = Debug|Any CPU
		{570EAA30-EC96-45E8-B20F-2FA41DD4BD45}.Release|Any CPU.ActiveCfg = Release|Any CPU
		{570EAA30-EC96-45E8-B20F-2FA41DD4BD45}.Release|Any CPU.Build.0 = Release|Any CPU
		{84F50F7F-C49E-4FF2-AF39-8E48DA0D4609}.Debug|Any CPU.ActiveCfg = Debug|Any CPU
		{84F50F7F-C49E-4FF2-AF39-8E48DA0D4609}.Debug|Any CPU.Build.0 = Debug|Any CPU
		{84F50F7F-C49E-4FF2-AF39-8E48DA0D4609}.Release|Any CPU.ActiveCfg = Release|Any CPU
		{84F50F7F-C49E-4FF2-AF39-8E48DA0D4609}.Release|Any CPU.Build.0 = Release|Any CPU
	EndGlobalSection
	GlobalSection(SolutionProperties) = preSolution
		HideSolutionNode = FALSE
	EndGlobalSection
EndGlobal
